
Microsoft Visual Studio Solution File, Format Version 12.00
# Visual Studio 15
VisualStudioVersion = 15.0.27428.2037
MinimumVisualStudioVersion = 10.0.40219.1
Project("{9A19103F-16F7-4668-BE54-9A1E7A4F7556}") = "Launcher", "Google\Launcher.csproj", "{4C630DB8-D5CF-430A-B952-AA95CB709AF8}"
EndProject
Project("{FAE04EC0-301F-11D3-BF4B-00C04F79EFBC}") = "Processors", "SearchLogic\Processors.csproj", "{8E547329-A1CB-44DC-8B22-F397CE99C4FF}"
EndProject
Global
	GlobalSection(SolutionConfigurationPlatforms) = preSolution
		Debug|Any CPU = Debug|Any CPU
		Release|Any CPU = Release|Any CPU
	EndGlobalSection
	GlobalSection(ProjectConfigurationPlatforms) = postSolution
		{4C630DB8-D5CF-430A-B952-AA95CB709AF8}.Debug|Any CPU.ActiveCfg = Debug|Any CPU
		{4C630DB8-D5CF-430A-B952-AA95CB709AF8}.Debug|Any CPU.Build.0 = Debug|Any CPU
		{4C630DB8-D5CF-430A-B952-AA95CB709AF8}.Release|Any CPU.ActiveCfg = Release|Any CPU
		{4C630DB8-D5CF-430A-B952-AA95CB709AF8}.Release|Any CPU.Build.0 = Release|Any CPU
		{8E547329-A1CB-44DC-8B22-F397CE99C4FF}.Debug|Any CPU.ActiveCfg = Debug|Any CPU
		{8E547329-A1CB-44DC-8B22-F397CE99C4FF}.Debug|Any CPU.Build.0 = Debug|Any CPU
		{8E547329-A1CB-44DC-8B22-F397CE99C4FF}.Release|Any CPU.ActiveCfg = Release|Any CPU
		{8E547329-A1CB-44DC-8B22-F397CE99C4FF}.Release|Any CPU.Build.0 = Release|Any CPU
	EndGlobalSection
	GlobalSection(SolutionProperties) = preSolution
		HideSolutionNode = FALSE
	EndGlobalSection
	GlobalSection(ExtensibilityGlobals) = postSolution
		SolutionGuid = {1F720562-C13E-43C2-BDAA-09C8D567A5DB}
	EndGlobalSection
EndGlobal
